
Microsoft Visual Studio Solution File, Format Version 12.00
# Visual Studio Version 17
VisualStudioVersion = 17.5.002.0
MinimumVisualStudioVersion = 10.0.40219.1
Project("{9A19103F-16F7-4668-BE54-9A1E7A4F7556}") = "BidNest", "BidNest.csproj", "{764C64A7-98C6-4C83-B4E3-259884E929DC}"
EndProject
Global
	GlobalSection(SolutionConfigurationPlatforms) = preSolution
		Debug|Any CPU = Debug|Any CPU
		Release|Any CPU = Release|Any CPU
	EndGlobalSection
	GlobalSection(ProjectConfigurationPlatforms) = postSolution
		{764C64A7-98C6-4C83-B4E3-259884E929DC}.Debug|Any CPU.ActiveCfg = Debug|Any CPU
		{764C64A7-98C6-4C83-B4E3-259884E929DC}.Debug|Any CPU.Build.0 = Debug|Any CPU
		{764C64A7-98C6-4C83-B4E3-259884E929DC}.Release|Any CPU.ActiveCfg = Release|Any CPU
		{764C64A7-98C6-4C83-B4E3-259884E929DC}.Release|Any CPU.Build.0 = Release|Any CPU
	EndGlobalSection
	GlobalSection(SolutionProperties) = preSolution
		HideSolutionNode = FALSE
	EndGlobalSection
	GlobalSection(ExtensibilityGlobals) = postSolution
		SolutionGuid = {F46734C2-6C10-4964-B0DB-E58D60C92D59}
	EndGlobalSection
EndGlobal
